
Microsoft Visual Studio Solution File, Format Version 12.00
# Visual Studio Version 16
VisualStudioVersion = 16.0.29609.76
MinimumVisualStudioVersion = 10.0.40219.1
Project("{FAE04EC0-301F-11D3-BF4B-00C04F79EFBC}") = "Covid19Tracker", "Covid19Tracker\Covid19Tracker.csproj", "{4D2051FA-21DC-44EE-9ECD-9BC35868BFF1}"
EndProject
Project("{FAE04EC0-301F-11D3-BF4B-00C04F79EFBC}") = "Covid19Tracker.Core", "Covid19Tracker.Core\Covid19Tracker.Core.csproj", "{A0985349-98E9-41B3-B7C0-733248AA508C}"
EndProject
Project("{FAE04EC0-301F-11D3-BF4B-00C04F79EFBC}") = "Covid19Tracker.Vm", "Covid19Tracker.Vm\Covid19Tracker.Vm.csproj", "{2CC11476-31D3-414F-925B-B7D8743A0A3F}"
EndProject
Global
	GlobalSection(SolutionConfigurationPlatforms) = preSolution
		Debug|Any CPU = Debug|Any CPU
		Release|Any CPU = Release|Any CPU
	EndGlobalSection
	GlobalSection(ProjectConfigurationPlatforms) = postSolution
		{4D2051FA-21DC-44EE-9ECD-9BC35868BFF1}.Debug|Any CPU.ActiveCfg = Debug|Any CPU
		{4D2051FA-21DC-44EE-9ECD-9BC35868BFF1}.Debug|Any CPU.Build.0 = Debug|Any CPU
		{4D2051FA-21DC-44EE-9ECD-9BC35868BFF1}.Release|Any CPU.ActiveCfg = Release|Any CPU
		{4D2051FA-21DC-44EE-9ECD-9BC35868BFF1}.Release|Any CPU.Build.0 = Release|Any CPU
		{A0985349-98E9-41B3-B7C0-733248AA508C}.Debug|Any CPU.ActiveCfg = Debug|Any CPU
		{A0985349-98E9-41B3-B7C0-733248AA508C}.Debug|Any CPU.Build.0 = Debug|Any CPU
		{A0985349-98E9-41B3-B7C0-733248AA508C}.Release|Any CPU.ActiveCfg = Release|Any CPU
		{A0985349-98E9-41B3-B7C0-733248AA508C}.Release|Any CPU.Build.0 = Release|Any CPU
		{2CC11476-31D3-414F-925B-B7D8743A0A3F}.Debug|Any CPU.ActiveCfg = Debug|Any CPU
		{2CC11476-31D3-414F-925B-B7D8743A0A3F}.Debug|Any CPU.Build.0 = Debug|Any CPU
		{2CC11476-31D3-414F-925B-B7D8743A0A3F}.Release|Any CPU.ActiveCfg = Release|Any CPU
		{2CC11476-31D3-414F-925B-B7D8743A0A3F}.Release|Any CPU.Build.0 = Release|Any CPU
	EndGlobalSection
	GlobalSection(SolutionProperties) = preSolution
		HideSolutionNode = FALSE
	EndGlobalSection
	GlobalSection(ExtensibilityGlobals) = postSolution
		SolutionGuid = {80F367BA-DCB8-4E42-908F-4850DC949317}
	EndGlobalSection
EndGlobal
